
Microsoft Visual Studio Solution File, Format Version 12.00
# Visual Studio 2012
Project("{FAE04EC0-301F-11D3-BF4B-00C04F79EFBC}") = "ChildCaseStudyImportHelper", "ChildCaseStudyImportHelper\ChildCaseStudyImportHelper.csproj", "{811A4458-8EC9-4593-9CA7-001028CB9509}"
EndProject
Global
	GlobalSection(SolutionConfigurationPlatforms) = preSolution
		Debug|Any CPU = Debug|Any CPU
		Release|Any CPU = Release|Any CPU
	EndGlobalSection
	GlobalSection(ProjectConfigurationPlatforms) = postSolution
		{811A4458-8EC9-4593-9CA7-001028CB9509}.Debug|Any CPU.ActiveCfg = Debug|Any CPU
		{811A4458-8EC9-4593-9CA7-001028CB9509}.Debug|Any CPU.Build.0 = Debug|Any CPU
		{811A4458-8EC9-4593-9CA7-001028CB9509}.Release|Any CPU.ActiveCfg = Release|Any CPU
		{811A4458-8EC9-4593-9CA7-001028CB9509}.Release|Any CPU.Build.0 = Release|Any CPU
	EndGlobalSection
	GlobalSection(SolutionProperties) = preSolution
		HideSolutionNode = FALSE
	EndGlobalSection
EndGlobal
